
Microsoft Visual Studio Solution File, Format Version 12.00
# Visual Studio Version 17
VisualStudioVersion = 17.7.34202.233
MinimumVisualStudioVersion = 10.0.40219.1
Project("{FAE04EC0-301F-11D3-BF4B-00C04F79EFBC}") = "test.Android", "test\test.Android\test.Android.csproj", "{09D62945-5413-4716-B3D6-1EF152F6956C}"
EndProject
Project("{FAE04EC0-301F-11D3-BF4B-00C04F79EFBC}") = "test.iOS", "test\test.iOS\test.iOS.csproj", "{1201085F-79D0-4B45-8CF5-B86F85021004}"
EndProject
Project("{FAE04EC0-301F-11D3-BF4B-00C04F79EFBC}") = "test", "test\test\test.csproj", "{3A418217-ADC2-4563-BFCC-375909DD1184}"
EndProject
Global
	GlobalSection(SolutionConfigurationPlatforms) = preSolution
		Debug|Any CPU = Debug|Any CPU
		Debug|iPhone = Debug|iPhone
		Debug|iPhoneSimulator = Debug|iPhoneSimulator
		Release|Any CPU = Release|Any CPU
		Release|iPhone = Release|iPhone
		Release|iPhoneSimulator = Release|iPhoneSimulator
	EndGlobalSection
	GlobalSection(ProjectConfigurationPlatforms) = postSolution
		{09D62945-5413-4716-B3D6-1EF152F6956C}.Debug|Any CPU.ActiveCfg = Debug|Any CPU
		{09D62945-5413-4716-B3D6-1EF152F6956C}.Debug|Any CPU.Build.0 = Debug|Any CPU
		{09D62945-5413-4716-B3D6-1EF152F6956C}.Debug|Any CPU.Deploy.0 = Debug|Any CPU
		{09D62945-5413-4716-B3D6-1EF152F6956C}.Debug|iPhone.ActiveCfg = Debug|Any CPU
		{09D62945-5413-4716-B3D6-1EF152F6956C}.Debug|iPhone.Build.0 = Debug|Any CPU
		{09D62945-5413-4716-B3D6-1EF152F6956C}.Debug|iPhone.Deploy.0 = Debug|Any CPU
		{09D62945-5413-4716-B3D6-1EF152F6956C}.Debug|iPhoneSimulator.ActiveCfg = Debug|Any CPU
		{09D62945-5413-4716-B3D6-1EF152F6956C}.Debug|iPhoneSimulator.Build.0 = Debug|Any CPU
		{09D62945-5413-4716-B3D6-1EF152F6956C}.Debug|iPhoneSimulator.Deploy.0 = Debug|Any CPU
		{09D62945-5413-4716-B3D6-1EF152F6956C}.Release|Any CPU.ActiveCfg = Release|Any CPU
		{09D62945-5413-4716-B3D6-1EF152F6956C}.Release|Any CPU.Build.0 = Release|Any CPU
		{09D62945-5413-4716-B3D6-1EF152F6956C}.Release|Any CPU.Deploy.0 = Release|Any CPU
		{09D62945-5413-4716-B3D6-1EF152F6956C}.Release|iPhone.ActiveCfg = Release|Any CPU
		{09D62945-5413-4716-B3D6-1EF152F6956C}.Release|iPhone.Build.0 = Release|Any CPU
		{09D62945-5413-4716-B3D6-1EF152F6956C}.Release|iPhone.Deploy.0 = Release|Any CPU
		{09D62945-5413-4716-B3D6-1EF152F6956C}.Release|iPhoneSimulator.ActiveCfg = Release|Any CPU
		{09D62945-5413-4716-B3D6-1EF152F6956C}.Release|iPhoneSimulator.Build.0 = Release|Any CPU
		{09D62945-5413-4716-B3D6-1EF152F6956C}.Release|iPhoneSimulator.Deploy.0 = Release|Any CPU
		{1201085F-79D0-4B45-8CF5-B86F85021004}.Debug|Any CPU.ActiveCfg = Debug|iPhone
		{1201085F-79D0-4B45-8CF5-B86F85021004}.Debug|Any CPU.Build.0 = Debug|iPhone
		{1201085F-79D0-4B45-8CF5-B86F85021004}.Debug|Any CPU.Deploy.0 = Debug|iPhone
		{1201085F-79D0-4B45-8CF5-B86F85021004}.Debug|iPhone.ActiveCfg = Debug|iPhone
		{1201085F-79D0-4B45-8CF5-B86F85021004}.Debug|iPhone.Build.0 = Debug|iPhone
		{1201085F-79D0-4B45-8CF5-B86F85021004}.Debug|iPhone.Deploy.0 = Debug|iPhone
		{1201085F-79D0-4B45-8CF5-B86F85021004}.Debug|iPhoneSimulator.ActiveCfg = Debug|iPhoneSimulator
		{1201085F-79D0-4B45-8CF5-B86F85021004}.Debug|iPhoneSimulator.Build.0 = Debug|iPhoneSimulator
		{1201085F-79D0-4B45-8CF5-B86F85021004}.Debug|iPhoneSimulator.Deploy.0 = Debug|iPhoneSimulator
		{1201085F-79D0-4B45-8CF5-B86F85021004}.Release|Any CPU.ActiveCfg = Release|iPhoneSimulator
		{1201085F-79D0-4B45-8CF5-B86F85021004}.Release|Any CPU.Build.0 = Release|iPhoneSimulator
		{1201085F-79D0-4B45-8CF5-B86F85021004}.Release|Any CPU.Deploy.0 = Release|iPhoneSimulator
		{1201085F-79D0-4B45-8CF5-B86F85021004}.Release|iPhone.ActiveCfg = Release|iPhone
		{1201085F-79D0-4B45-8CF5-B86F85021004}.Release|iPhone.Build.0 = Release|iPhone
		{1201085F-79D0-4B45-8CF5-B86F85021004}.Release|iPhone.Deploy.0 = Release|iPhone
		{1201085F-79D0-4B45-8CF5-B86F85021004}.Release|iPhoneSimulator.ActiveCfg = Release|iPhoneSimulator
		{1201085F-79D0-4B45-8CF5-B86F85021004}.Release|iPhoneSimulator.Build.0 = Release|iPhoneSimulator
		{1201085F-79D0-4B45-8CF5-B86F85021004}.Release|iPhoneSimulator.Deploy.0 = Release|iPhoneSimulator
		{3A418217-ADC2-4563-BFCC-375909DD1184}.Debug|Any CPU.ActiveCfg = Debug|Any CPU
		{3A418217-ADC2-4563-BFCC-375909DD1184}.Debug|Any CPU.Build.0 = Debug|Any CPU
		{3A418217-ADC2-4563-BFCC-375909DD1184}.Debug|Any CPU.Deploy.0 = Debug|Any CPU
		{3A418217-ADC2-4563-BFCC-375909DD1184}.Debug|iPhone.ActiveCfg = Debug|Any CPU
		{3A418217-ADC2-4563-BFCC-375909DD1184}.Debug|iPhone.Build.0 = Debug|Any CPU
		{3A418217-ADC2-4563-BFCC-375909DD1184}.Debug|iPhone.Deploy.0 = Debug|Any CPU
		{3A418217-ADC2-4563-BFCC-375909DD1184}.Debug|iPhoneSimulator.ActiveCfg = Debug|Any CPU
		{3A418217-ADC2-4563-BFCC-375909DD1184}.Debug|iPhoneSimulator.Build.0 = Debug|Any CPU
		{3A418217-ADC2-4563-BFCC-375909DD1184}.Debug|iPhoneSimulator.Deploy.0 = Debug|Any CPU
		{3A418217-ADC2-4563-BFCC-375909DD1184}.Release|Any CPU.ActiveCfg = Release|Any CPU
		{3A418217-ADC2-4563-BFCC-375909DD1184}.Release|Any CPU.Build.0 = Release|Any CPU
		{3A418217-ADC2-4563-BFCC-375909DD1184}.Release|Any CPU.Deploy.0 = Release|Any CPU
		{3A418217-ADC2-4563-BFCC-375909DD1184}.Release|iPhone.ActiveCfg = Release|Any CPU
		{3A418217-ADC2-4563-BFCC-375909DD1184}.Release|iPhone.Build.0 = Release|Any CPU
		{3A418217-ADC2-4563-BFCC-375909DD1184}.Release|iPhone.Deploy.0 = Release|Any CPU
		{3A418217-ADC2-4563-BFCC-375909DD1184}.Release|iPhoneSimulator.ActiveCfg = Release|Any CPU
		{3A418217-ADC2-4563-BFCC-375909DD1184}.Release|iPhoneSimulator.Build.0 = Release|Any CPU
		{3A418217-ADC2-4563-BFCC-375909DD1184}.Release|iPhoneSimulator.Deploy.0 = Release|Any CPU
	EndGlobalSection
	GlobalSection(SolutionProperties) = preSolution
		HideSolutionNode = FALSE
	EndGlobalSection
	GlobalSection(ExtensibilityGlobals) = postSolution
		SolutionGuid = {CF815892-491A-431B-8BE3-E44C8C72E4A6}
	EndGlobalSection
EndGlobal
